
Microsoft Visual Studio Solution File, Format Version 12.00
# Visual Studio Version 17
VisualStudioVersion = 17.7.34221.43
MinimumVisualStudioVersion = 10.0.40219.1
Project("{FAE04EC0-301F-11D3-BF4B-00C04F79EFBC}") = "TraduttoreAzureC#", "TraduttoreAzureC#\TraduttoreAzureC#.csproj", "{99DF0C14-80A9-45CE-817D-C46E3CD0F88E}"
EndProject
Global
	GlobalSection(SolutionConfigurationPlatforms) = preSolution
		Debug|Any CPU = Debug|Any CPU
		Release|Any CPU = Release|Any CPU
	EndGlobalSection
	GlobalSection(ProjectConfigurationPlatforms) = postSolution
		{99DF0C14-80A9-45CE-817D-C46E3CD0F88E}.Debug|Any CPU.ActiveCfg = Debug|Any CPU
		{99DF0C14-80A9-45CE-817D-C46E3CD0F88E}.Debug|Any CPU.Build.0 = Debug|Any CPU
		{99DF0C14-80A9-45CE-817D-C46E3CD0F88E}.Release|Any CPU.ActiveCfg = Release|Any CPU
		{99DF0C14-80A9-45CE-817D-C46E3CD0F88E}.Release|Any CPU.Build.0 = Release|Any CPU
	EndGlobalSection
	GlobalSection(SolutionProperties) = preSolution
		HideSolutionNode = FALSE
	EndGlobalSection
	GlobalSection(ExtensibilityGlobals) = postSolution
		SolutionGuid = {B8FE269C-7285-4A36-994C-06F2D39F95F6}
	EndGlobalSection
EndGlobal
